// !$*UTF8*$!
{
	archiveVersion = 1;
	classes = {
	};
	objectVersion = 56;
	objects = {

/* Begin PBXBuildFile section */
		0EA21A382A4FF5AA00DAE1D9 /* UserLocationManager.swift in Sources */ = {isa = PBXBuildFile; fileRef = 0EA21A372A4FF5AA00DAE1D9 /* UserLocationManager.swift */; };
		0ED6FAC52A4F37CA0014C1BF /* FoodTestAppApp.swift in Sources */ = {isa = PBXBuildFile; fileRef = 0ED6FAC42A4F37CA0014C1BF /* FoodTestAppApp.swift */; };
		0ED6FAC72A4F37CA0014C1BF /* MainView.swift in Sources */ = {isa = PBXBuildFile; fileRef = 0ED6FAC62A4F37CA0014C1BF /* MainView.swift */; };
		0ED6FAC92A4F37CB0014C1BF /* Assets.xcassets in Resources */ = {isa = PBXBuildFile; fileRef = 0ED6FAC82A4F37CB0014C1BF /* Assets.xcassets */; };
		0ED6FACC2A4F37CB0014C1BF /* Preview Assets.xcassets in Resources */ = {isa = PBXBuildFile; fileRef = 0ED6FACB2A4F37CB0014C1BF /* Preview Assets.xcassets */; };
		0ED6FADA2A4F3EA20014C1BF /* SFProDisplay-Regular.ttf in Resources */ = {isa = PBXBuildFile; fileRef = 0ED6FAD92A4F3EA20014C1BF /* SFProDisplay-Regular.ttf */; };
		0ED6FADC2A4F43070014C1BF /* MainViewModel.swift in Sources */ = {isa = PBXBuildFile; fileRef = 0ED6FADB2A4F43070014C1BF /* MainViewModel.swift */; };
		0ED6FAE02A4F43BB0014C1BF /* CategoryCell.swift in Sources */ = {isa = PBXBuildFile; fileRef = 0ED6FADF2A4F43BB0014C1BF /* CategoryCell.swift */; };
		0ED6FAE32A4F44080014C1BF /* Category.swift in Sources */ = {isa = PBXBuildFile; fileRef = 0ED6FAE22A4F44080014C1BF /* Category.swift */; };
		0ED6FAE62A4F4A260014C1BF /* ImageDownloadManager.swift in Sources */ = {isa = PBXBuildFile; fileRef = 0ED6FAE52A4F4A260014C1BF /* ImageDownloadManager.swift */; };
		0ED6FAE82A4F4BA50014C1BF /* CategoryCellViewModel.swift in Sources */ = {isa = PBXBuildFile; fileRef = 0ED6FAE72A4F4BA50014C1BF /* CategoryCellViewModel.swift */; };
		0ED6FAEA2A4F4C180014C1BF /* CategoryApiManager.swift in Sources */ = {isa = PBXBuildFile; fileRef = 0ED6FAE92A4F4C180014C1BF /* CategoryApiManager.swift */; };
		0ED6FAEE2A4F5C170014C1BF /* ScaleButtonModifire.swift in Sources */ = {isa = PBXBuildFile; fileRef = 0ED6FAED2A4F5C170014C1BF /* ScaleButtonModifire.swift */; };
		0ED6FAF12A4F5EAC0014C1BF /* CategoryDetailsView.swift in Sources */ = {isa = PBXBuildFile; fileRef = 0ED6FAF02A4F5EAC0014C1BF /* CategoryDetailsView.swift */; };
		0ED6FAF42A4F61CD0014C1BF /* TabBarView.swift in Sources */ = {isa = PBXBuildFile; fileRef = 0ED6FAF32A4F61CD0014C1BF /* TabBarView.swift */; };
/* End PBXBuildFile section */

/* Begin PBXFileReference section */
		0EA21A372A4FF5AA00DAE1D9 /* UserLocationManager.swift */ = {isa = PBXFileReference; lastKnownFileType = sourcecode.swift; path = UserLocationManager.swift; sourceTree = "<group>"; };
		0ED6FAC12A4F37CA0014C1BF /* FoodTestApp.app */ = {isa = PBXFileReference; explicitFileType = wrapper.application; includeInIndex = 0; path = FoodTestApp.app; sourceTree = BUILT_PRODUCTS_DIR; };
		0ED6FAC42A4F37CA0014C1BF /* FoodTestAppApp.swift */ = {isa = PBXFileReference; lastKnownFileType = sourcecode.swift; path = FoodTestAppApp.swift; sourceTree = "<group>"; };
		0ED6FAC62A4F37CA0014C1BF /* MainView.swift */ = {isa = PBXFileReference; lastKnownFileType = sourcecode.swift; path = MainView.swift; sourceTree = "<group>"; };
		0ED6FAC82A4F37CB0014C1BF /* Assets.xcassets */ = {isa = PBXFileReference; lastKnownFileType = folder.assetcatalog; path = Assets.xcassets; sourceTree = "<group>"; };
		0ED6FACB2A4F37CB0014C1BF /* Preview Assets.xcassets */ = {isa = PBXFileReference; lastKnownFileType = folder.assetcatalog; path = "Preview Assets.xcassets"; sourceTree = "<group>"; };
		0ED6FAD82A4F3D2C0014C1BF /* Info.plist */ = {isa = PBXFileReference; lastKnownFileType = text.plist; path = Info.plist; sourceTree = "<group>"; };
		0ED6FAD92A4F3EA20014C1BF /* SFProDisplay-Regular.ttf */ = {isa = PBXFileReference; lastKnownFileType = file; path = "SFProDisplay-Regular.ttf"; sourceTree = "<group>"; };
		0ED6FADB2A4F43070014C1BF /* MainViewModel.swift */ = {isa = PBXFileReference; lastKnownFileType = sourcecode.swift; path = MainViewModel.swift; sourceTree = "<group>"; };
		0ED6FADF2A4F43BB0014C1BF /* CategoryCell.swift */ = {isa = PBXFileReference; lastKnownFileType = sourcecode.swift; path = CategoryCell.swift; sourceTree = "<group>"; };
		0ED6FAE22A4F44080014C1BF /* Category.swift */ = {isa = PBXFileReference; lastKnownFileType = sourcecode.swift; path = Category.swift; sourceTree = "<group>"; };
		0ED6FAE52A4F4A260014C1BF /* ImageDownloadManager.swift */ = {isa = PBXFileReference; lastKnownFileType = sourcecode.swift; path = ImageDownloadManager.swift; sourceTree = "<group>"; };
		0ED6FAE72A4F4BA50014C1BF /* CategoryCellViewModel.swift */ = {isa = PBXFileReference; lastKnownFileType = sourcecode.swift; path = CategoryCellViewModel.swift; sourceTree = "<group>"; };
		0ED6FAE92A4F4C180014C1BF /* CategoryApiManager.swift */ = {isa = PBXFileReference; lastKnownFileType = sourcecode.swift; path = CategoryApiManager.swift; sourceTree = "<group>"; };
		0ED6FAED2A4F5C170014C1BF /* ScaleButtonModifire.swift */ = {isa = PBXFileReference; lastKnownFileType = sourcecode.swift; path = ScaleButtonModifire.swift; sourceTree = "<group>"; };
		0ED6FAF02A4F5EAC0014C1BF /* CategoryDetailsView.swift */ = {isa = PBXFileReference; lastKnownFileType = sourcecode.swift; path = CategoryDetailsView.swift; sourceTree = "<group>"; };
		0ED6FAF32A4F61CD0014C1BF /* TabBarView.swift */ = {isa = PBXFileReference; lastKnownFileType = sourcecode.swift; path = TabBarView.swift; sourceTree = "<group>"; };
/* End PBXFileReference section */

/* Begin PBXFrameworksBuildPhase section */
		0ED6FABE2A4F37CA0014C1BF /* Frameworks */ = {
			isa = PBXFrameworksBuildPhase;
			buildActionMask = 2147483647;
			files = (
			);
			runOnlyForDeploymentPostprocessing = 0;
		};
/* End PBXFrameworksBuildPhase section */

/* Begin PBXGroup section */
		0ED6FAB82A4F37CA0014C1BF = {
			isa = PBXGroup;
			children = (
				0ED6FAC32A4F37CA0014C1BF /* FoodTestApp */,
				0ED6FAC22A4F37CA0014C1BF /* Products */,
			);
			sourceTree = "<group>";
		};
		0ED6FAC22A4F37CA0014C1BF /* Products */ = {
			isa = PBXGroup;
			children = (
				0ED6FAC12A4F37CA0014C1BF /* FoodTestApp.app */,
			);
			name = Products;
			sourceTree = "<group>";
		};
		0ED6FAC32A4F37CA0014C1BF /* FoodTestApp */ = {
			isa = PBXGroup;
			children = (
				0ED6FAD82A4F3D2C0014C1BF /* Info.plist */,
				0ED6FAD22A4F383C0014C1BF /* SupportingFiles */,
				0ED6FAEB2A4F51930014C1BF /* Models */,
				0ED6FAE42A4F4A150014C1BF /* Managers */,
				0ED6FAD32A4F38570014C1BF /* Views */,
				0ED6FAEC2A4F5BF90014C1BF /* UI */,
			);
			path = FoodTestApp;
			sourceTree = "<group>";
		};
		0ED6FACA2A4F37CB0014C1BF /* Preview Content */ = {
			isa = PBXGroup;
			children = (
				0ED6FACB2A4F37CB0014C1BF /* Preview Assets.xcassets */,
			);
			path = "Preview Content";
			sourceTree = "<group>";
		};
		0ED6FAD22A4F383C0014C1BF /* SupportingFiles */ = {
			isa = PBXGroup;
			children = (
				0ED6FACA2A4F37CB0014C1BF /* Preview Content */,
				0ED6FAD72A4F3CEC0014C1BF /* Fonts */,
				0ED6FAC42A4F37CA0014C1BF /* FoodTestAppApp.swift */,
				0ED6FAC82A4F37CB0014C1BF /* Assets.xcassets */,
			);
			path = SupportingFiles;
			sourceTree = "<group>";
		};
		0ED6FAD32A4F38570014C1BF /* Views */ = {
			isa = PBXGroup;
			children = (
				0ED6FAF22A4F61BB0014C1BF /* TabBarView */,
				0ED6FAD42A4F38640014C1BF /* MainView */,
			);
			path = Views;
			sourceTree = "<group>";
		};
		0ED6FAD42A4F38640014C1BF /* MainView */ = {
			isa = PBXGroup;
			children = (
				0ED6FAC62A4F37CA0014C1BF /* MainView.swift */,
				0ED6FADB2A4F43070014C1BF /* MainViewModel.swift */,
				0ED6FAEF2A4F5E930014C1BF /* CategoryDetailsView */,
				0ED6FAE12A4F43F90014C1BF /* CategoryCell */,
			);
			path = MainView;
			sourceTree = "<group>";
		};
		0ED6FAD72A4F3CEC0014C1BF /* Fonts */ = {
			isa = PBXGroup;
			children = (
				0ED6FAD92A4F3EA20014C1BF /* SFProDisplay-Regular.ttf */,
			);
			path = Fonts;
			sourceTree = "<group>";
		};
		0ED6FAE12A4F43F90014C1BF /* CategoryCell */ = {
			isa = PBXGroup;
			children = (
				0ED6FADF2A4F43BB0014C1BF /* CategoryCell.swift */,
				0ED6FAE72A4F4BA50014C1BF /* CategoryCellViewModel.swift */,
			);
			path = CategoryCell;
			sourceTree = "<group>";
		};
		0ED6FAE42A4F4A150014C1BF /* Managers */ = {
			isa = PBXGroup;
			children = (
				0ED6FAE92A4F4C180014C1BF /* CategoryApiManager.swift */,
				0ED6FAE52A4F4A260014C1BF /* ImageDownloadManager.swift */,
				0EA21A372A4FF5AA00DAE1D9 /* UserLocationManager.swift */,
			);
			path = Managers;
			sourceTree = "<group>";
		};
		0ED6FAEB2A4F51930014C1BF /* Models */ = {
			isa = PBXGroup;
			children = (
				0ED6FAE22A4F44080014C1BF /* Category.swift */,
			);
			path = Models;
			sourceTree = "<group>";
		};
		0ED6FAEC2A4F5BF90014C1BF /* UI */ = {
			isa = PBXGroup;
			children = (
				0ED6FAED2A4F5C170014C1BF /* ScaleButtonModifire.swift */,
			);
			path = UI;
			sourceTree = "<group>";
		};
		0ED6FAEF2A4F5E930014C1BF /* CategoryDetailsView */ = {
			isa = PBXGroup;
			children = (
				0ED6FAF02A4F5EAC0014C1BF /* CategoryDetailsView.swift */,
			);
			path = CategoryDetailsView;
			sourceTree = "<group>";
		};
		0ED6FAF22A4F61BB0014C1BF /* TabBarView */ = {
			isa = PBXGroup;
			children = (
				0ED6FAF32A4F61CD0014C1BF /* TabBarView.swift */,
			);
			path = TabBarView;
			sourceTree = "<group>";
		};
/* End PBXGroup section */

/* Begin PBXNativeTarget section */
		0ED6FAC02A4F37CA0014C1BF /* FoodTestApp */ = {
			isa = PBXNativeTarget;
			buildConfigurationList = 0ED6FACF2A4F37CB0014C1BF /* Build configuration list for PBXNativeTarget "FoodTestApp" */;
			buildPhases = (
				0ED6FABD2A4F37CA0014C1BF /* Sources */,
				0ED6FABE2A4F37CA0014C1BF /* Frameworks */,
				0ED6FABF2A4F37CA0014C1BF /* Resources */,
			);
			buildRules = (
			);
			dependencies = (
			);
			name = FoodTestApp;
			productName = FoodTestApp;
			productReference = 0ED6FAC12A4F37CA0014C1BF /* FoodTestApp.app */;
			productType = "com.apple.product-type.application";
		};
/* End PBXNativeTarget section */

/* Begin PBXProject section */
		0ED6FAB92A4F37CA0014C1BF /* Project object */ = {
			isa = PBXProject;
			attributes = {
				BuildIndependentTargetsInParallel = 1;
				LastSwiftUpdateCheck = 1430;
				LastUpgradeCheck = 1430;
				TargetAttributes = {
					0ED6FAC02A4F37CA0014C1BF = {
						CreatedOnToolsVersion = 14.3;
					};
				};
			};
			buildConfigurationList = 0ED6FABC2A4F37CA0014C1BF /* Build configuration list for PBXProject "FoodTestApp" */;
			compatibilityVersion = "Xcode 14.0";
			developmentRegion = en;
			hasScannedForEncodings = 0;
			knownRegions = (
				en,
				Base,
			);
			mainGroup = 0ED6FAB82A4F37CA0014C1BF;
			productRefGroup = 0ED6FAC22A4F37CA0014C1BF /* Products */;
			projectDirPath = "";
			projectRoot = "";
			targets = (
				0ED6FAC02A4F37CA0014C1BF /* FoodTestApp */,
			);
		};
/* End PBXProject section */

/* Begin PBXResourcesBuildPhase section */
		0ED6FABF2A4F37CA0014C1BF /* Resources */ = {
			isa = PBXResourcesBuildPhase;
			buildActionMask = 2147483647;
			files = (
				0ED6FADA2A4F3EA20014C1BF /* SFProDisplay-Regular.ttf in Resources */,
				0ED6FACC2A4F37CB0014C1BF /* Preview Assets.xcassets in Resources */,
				0ED6FAC92A4F37CB0014C1BF /* Assets.xcassets in Resources */,
			);
			runOnlyForDeploymentPostprocessing = 0;
		};
/* End PBXResourcesBuildPhase section */

/* Begin PBXSourcesBuildPhase section */
		0ED6FABD2A4F37CA0014C1BF /* Sources */ = {
			isa = PBXSourcesBuildPhase;
			buildActionMask = 2147483647;
			files = (
				0ED6FAC72A4F37CA0014C1BF /* MainView.swift in Sources */,
				0ED6FAF42A4F61CD0014C1BF /* TabBarView.swift in Sources */,
				0ED6FAE32A4F44080014C1BF /* Category.swift in Sources */,
				0ED6FAEE2A4F5C170014C1BF /* ScaleButtonModifire.swift in Sources */,
				0ED6FAC52A4F37CA0014C1BF /* FoodTestAppApp.swift in Sources */,
				0ED6FAE62A4F4A260014C1BF /* ImageDownloadManager.swift in Sources */,
				0ED6FAE82A4F4BA50014C1BF /* CategoryCellViewModel.swift in Sources */,
				0ED6FAE02A4F43BB0014C1BF /* CategoryCell.swift in Sources */,
				0ED6FAF12A4F5EAC0014C1BF /* CategoryDetailsView.swift in Sources */,
				0ED6FAEA2A4F4C180014C1BF /* CategoryApiManager.swift in Sources */,
				0ED6FADC2A4F43070014C1BF /* MainViewModel.swift in Sources */,
				0EA21A382A4FF5AA00DAE1D9 /* UserLocationManager.swift in Sources */,
			);
			runOnlyForDeploymentPostprocessing = 0;
		};
/* End PBXSourcesBuildPhase section */

/* Begin XCBuildConfiguration section */
		0ED6FACD2A4F37CB0014C1BF /* Debug */ = {
			isa = XCBuildConfiguration;
			buildSettings = {
				ALWAYS_SEARCH_USER_PATHS = NO;
				CLANG_ANALYZER_NONNULL = YES;
				CLANG_ANALYZER_NUMBER_OBJECT_CONVERSION = YES_AGGRESSIVE;
				CLANG_CXX_LANGUAGE_STANDARD = "gnu++20";
				CLANG_ENABLE_MODULES = YES;
				CLANG_ENABLE_OBJC_ARC = YES;
				CLANG_ENABLE_OBJC_WEAK = YES;
				CLANG_WARN_BLOCK_CAPTURE_AUTORELEASING = YES;
				CLANG_WARN_BOOL_CONVERSION = YES;
				CLANG_WARN_COMMA = YES;
				CLANG_WARN_CONSTANT_CONVERSION = YES;
				CLANG_WARN_DEPRECATED_OBJC_IMPLEMENTATIONS = YES;
				CLANG_WARN_DIRECT_OBJC_ISA_USAGE = YES_ERROR;
				CLANG_WARN_DOCUMENTATION_COMMENTS = YES;
				CLANG_WARN_EMPTY_BODY = YES;
				CLANG_WARN_ENUM_CONVERSION = YES;
				CLANG_WARN_INFINITE_RECURSION = YES;
				CLANG_WARN_INT_CONVERSION = YES;
				CLANG_WARN_NON_LITERAL_NULL_CONVERSION = YES;
				CLANG_WARN_OBJC_IMPLICIT_RETAIN_SELF = YES;
				CLANG_WARN_OBJC_LITERAL_CONVERSION = YES;
				CLANG_WARN_OBJC_ROOT_CLASS = YES_ERROR;
				CLANG_WARN_QUOTED_INCLUDE_IN_FRAMEWORK_HEADER = YES;
				CLANG_WARN_RANGE_LOOP_ANALYSIS = YES;
				CLANG_WARN_STRICT_PROTOTYPES = YES;
				CLANG_WARN_SUSPICIOUS_MOVE = YES;
				CLANG_WARN_UNGUARDED_AVAILABILITY = YES_AGGRESSIVE;
				CLANG_WARN_UNREACHABLE_CODE = YES;
				CLANG_WARN__DUPLICATE_METHOD_MATCH = YES;
				COPY_PHASE_STRIP = NO;
				DEBUG_INFORMATION_FORMAT = dwarf;
				ENABLE_STRICT_OBJC_MSGSEND = YES;
				ENABLE_TESTABILITY = YES;
				GCC_C_LANGUAGE_STANDARD = gnu11;
				GCC_DYNAMIC_NO_PIC = NO;
				GCC_NO_COMMON_BLOCKS = YES;
				GCC_OPTIMIZATION_LEVEL = 0;
				GCC_PREPROCESSOR_DEFINITIONS = (
					"DEBUG=1",
					"$(inherited)",
				);
				GCC_WARN_64_TO_32_BIT_CONVERSION = YES;
				GCC_WARN_ABOUT_RETURN_TYPE = YES_ERROR;
				GCC_WARN_UNDECLARED_SELECTOR = YES;
				GCC_WARN_UNINITIALIZED_AUTOS = YES_AGGRESSIVE;
				GCC_WARN_UNUSED_FUNCTION = YES;
				GCC_WARN_UNUSED_VARIABLE = YES;
				IPHONEOS_DEPLOYMENT_TARGET = 15.0;
				MTL_ENABLE_DEBUG_INFO = INCLUDE_SOURCE;
				MTL_FAST_MATH = YES;
				ONLY_ACTIVE_ARCH = YES;
				SDKROOT = iphoneos;
				SWIFT_ACTIVE_COMPILATION_CONDITIONS = DEBUG;
				SWIFT_OPTIMIZATION_LEVEL = "-Onone";
			};
			name = Debug;
		};
		0ED6FACE2A4F37CB0014C1BF /* Release */ = {
			isa = XCBuildConfiguration;
			buildSettings = {
				ALWAYS_SEARCH_USER_PATHS = NO;
				CLANG_ANALYZER_NONNULL = YES;
				CLANG_ANALYZER_NUMBER_OBJECT_CONVERSION = YES_AGGRESSIVE;
				CLANG_CXX_LANGUAGE_STANDARD = "gnu++20";
				CLANG_ENABLE_MODULES = YES;
				CLANG_ENABLE_OBJC_ARC = YES;
				CLANG_ENABLE_OBJC_WEAK = YES;
				CLANG_WARN_BLOCK_CAPTURE_AUTORELEASING = YES;
				CLANG_WARN_BOOL_CONVERSION = YES;
				CLANG_WARN_COMMA = YES;
				CLANG_WARN_CONSTANT_CONVERSION = YES;
				CLANG_WARN_DEPRECATED_OBJC_IMPLEMENTATIONS = YES;
				CLANG_WARN_DIRECT_OBJC_ISA_USAGE = YES_ERROR;
				CLANG_WARN_DOCUMENTATION_COMMENTS = YES;
				CLANG_WARN_EMPTY_BODY = YES;
				CLANG_WARN_ENUM_CONVERSION = YES;
				CLANG_WARN_INFINITE_RECURSION = YES;
				CLANG_WARN_INT_CONVERSION = YES;
				CLANG_WARN_NON_LITERAL_NULL_CONVERSION = YES;
				CLANG_WARN_OBJC_IMPLICIT_RETAIN_SELF = YES;
				CLANG_WARN_OBJC_LITERAL_CONVERSION = YES;
				CLANG_WARN_OBJC_ROOT_CLASS = YES_ERROR;
				CLANG_WARN_QUOTED_INCLUDE_IN_FRAMEWORK_HEADER = YES;
				CLANG_WARN_RANGE_LOOP_ANALYSIS = YES;
				CLANG_WARN_STRICT_PROTOTYPES = YES;
				CLANG_WARN_SUSPICIOUS_MOVE = YES;
				CLANG_WARN_UNGUARDED_AVAILABILITY = YES_AGGRESSIVE;
				CLANG_WARN_UNREACHABLE_CODE = YES;
				CLANG_WARN__DUPLICATE_METHOD_MATCH = YES;
				COPY_PHASE_STRIP = NO;
				DEBUG_INFORMATION_FORMAT = "dwarf-with-dsym";
				ENABLE_NS_ASSERTIONS = NO;
				ENABLE_STRICT_OBJC_MSGSEND = YES;
				GCC_C_LANGUAGE_STANDARD = gnu11;
				GCC_NO_COMMON_BLOCKS = YES;
				GCC_WARN_64_TO_32_BIT_CONVERSION = YES;
				GCC_WARN_ABOUT_RETURN_TYPE = YES_ERROR;
				GCC_WARN_UNDECLARED_SELECTOR = YES;
				GCC_WARN_UNINITIALIZED_AUTOS = YES_AGGRESSIVE;
				GCC_WARN_UNUSED_FUNCTION = YES;
				GCC_WARN_UNUSED_VARIABLE = YES;
				IPHONEOS_DEPLOYMENT_TARGET = 15.0;
				MTL_ENABLE_DEBUG_INFO = NO;
				MTL_FAST_MATH = YES;
				SDKROOT = iphoneos;
				SWIFT_COMPILATION_MODE = wholemodule;
				SWIFT_OPTIMIZATION_LEVEL = "-O";
				VALIDATE_PRODUCT = YES;
			};
			name = Release;
		};
		0ED6FAD02A4F37CB0014C1BF /* Debug */ = {
			isa = XCBuildConfiguration;
			buildSettings = {
				ASSETCATALOG_COMPILER_APPICON_NAME = AppIcon;
				ASSETCATALOG_COMPILER_GLOBAL_ACCENT_COLOR_NAME = AccentColor;
				CODE_SIGN_STYLE = Automatic;
				CURRENT_PROJECT_VERSION = 1;
				DEVELOPMENT_ASSET_PATHS = "\"FoodTestApp/SupportingFiles/Preview Content\"";
				DEVELOPMENT_TEAM = 86SKTK882J;
				ENABLE_PREVIEWS = YES;
				GENERATE_INFOPLIST_FILE = YES;
				INFOPLIST_FILE = FoodTestApp/Info.plist;
				INFOPLIST_KEY_UIApplicationSceneManifest_Generation = YES;
				INFOPLIST_KEY_UIApplicationSupportsIndirectInputEvents = YES;
				INFOPLIST_KEY_UILaunchScreen_Generation = YES;
				INFOPLIST_KEY_UISupportedInterfaceOrientations_iPad = "UIInterfaceOrientationPortrait UIInterfaceOrientationPortraitUpsideDown UIInterfaceOrientationLandscapeLeft UIInterfaceOrientationLandscapeRight";
				INFOPLIST_KEY_UISupportedInterfaceOrientations_iPhone = "UIInterfaceOrientationPortrait UIInterfaceOrientationLandscapeLeft UIInterfaceOrientationLandscapeRight";
				LD_RUNPATH_SEARCH_PATHS = (
					"$(inherited)",
					"@executable_path/Frameworks",
				);
				MARKETING_VERSION = 1.0;
				PRODUCT_BUNDLE_IDENTIFIER = sugry.FoodTestApp;
				PRODUCT_NAME = "$(TARGET_NAME)";
				SWIFT_EMIT_LOC_STRINGS = YES;
				SWIFT_VERSION = 5.0;
				TARGETED_DEVICE_FAMILY = "1,2";
			};
			name = Debug;
		};
		0ED6FAD12A4F37CB0014C1BF /* Release */ = {
			isa = XCBuildConfiguration;
			buildSettings = {
				ASSETCATALOG_COMPILER_APPICON_NAME = AppIcon;
				ASSETCATALOG_COMPILER_GLOBAL_ACCENT_COLOR_NAME = AccentColor;
				CODE_SIGN_STYLE = Automatic;
				CURRENT_PROJECT_VERSION = 1;
				DEVELOPMENT_ASSET_PATHS = "\"FoodTestApp/SupportingFiles/Preview Content\"";
				DEVELOPMENT_TEAM = 86SKTK882J;
				ENABLE_PREVIEWS = YES;
				GENERATE_INFOPLIST_FILE = YES;
				INFOPLIST_FILE = FoodTestApp/Info.plist;
				INFOPLIST_KEY_UIApplicationSceneManifest_Generation = YES;
				INFOPLIST_KEY_UIApplicationSupportsIndirectInputEvents = YES;
				INFOPLIST_KEY_UILaunchScreen_Generation = YES;
				INFOPLIST_KEY_UISupportedInterfaceOrientations_iPad = "UIInterfaceOrientationPortrait UIInterfaceOrientationPortraitUpsideDown UIInterfaceOrientationLandscapeLeft UIInterfaceOrientationLandscapeRight";
				INFOPLIST_KEY_UISupportedInterfaceOrientations_iPhone = "UIInterfaceOrientationPortrait UIInterfaceOrientationLandscapeLeft UIInterfaceOrientationLandscapeRight";
				LD_RUNPATH_SEARCH_PATHS = (
					"$(inherited)",
					"@executable_path/Frameworks",
				);
				MARKETING_VERSION = 1.0;
				PRODUCT_BUNDLE_IDENTIFIER = sugry.FoodTestApp;
				PRODUCT_NAME = "$(TARGET_NAME)";
				SWIFT_EMIT_LOC_STRINGS = YES;
				SWIFT_VERSION = 5.0;
				TARGETED_DEVICE_FAMILY = "1,2";
			};
			name = Release;
		};
/* End XCBuildConfiguration section */

/* Begin XCConfigurationList section */
		0ED6FABC2A4F37CA0014C1BF /* Build configuration list for PBXProject "FoodTestApp" */ = {
			isa = XCConfigurationList;
			buildConfigurations = (
				0ED6FACD2A4F37CB0014C1BF /* Debug */,
				0ED6FACE2A4F37CB0014C1BF /* Release */,
			);
			defaultConfigurationIsVisible = 0;
			defaultConfigurationName = Release;
		};
		0ED6FACF2A4F37CB0014C1BF /* Build configuration list for PBXNativeTarget "FoodTestApp" */ = {
			isa = XCConfigurationList;
			buildConfigurations = (
				0ED6FAD02A4F37CB0014C1BF /* Debug */,
				0ED6FAD12A4F37CB0014C1BF /* Release */,
			);
			defaultConfigurationIsVisible = 0;
			defaultConfigurationName = Release;
		};
/* End XCConfigurationList section */
	};
	rootObject = 0ED6FAB92A4F37CA0014C1BF /* Project object */;
}
